// !$*UTF8*$!
{
	archiveVersion = 1;
	classes = {
	};
	objectVersion = 50;
	objects = {

/* Begin PBXBuildFile section */
		993F5C282304620C00D63EA7 /* AppDelegate.swift in Sources */ = {isa = PBXBuildFile; fileRef = 993F5C272304620C00D63EA7 /* AppDelegate.swift */; };
		993F5C2A2304620C00D63EA7 /* PokemonViewController.swift in Sources */ = {isa = PBXBuildFile; fileRef = 993F5C292304620C00D63EA7 /* PokemonViewController.swift */; };
		993F5C2D2304620C00D63EA7 /* Main.storyboard in Resources */ = {isa = PBXBuildFile; fileRef = 993F5C2B2304620C00D63EA7 /* Main.storyboard */; };
		993F5C2F2304620E00D63EA7 /* Assets.xcassets in Resources */ = {isa = PBXBuildFile; fileRef = 993F5C2E2304620E00D63EA7 /* Assets.xcassets */; };
		993F5C322304620E00D63EA7 /* LaunchScreen.storyboard in Resources */ = {isa = PBXBuildFile; fileRef = 993F5C302304620E00D63EA7 /* LaunchScreen.storyboard */; };
		993F5C3E230465DA00D63EA7 /* Pokemon.swift in Sources */ = {isa = PBXBuildFile; fileRef = 993F5C3D230465DA00D63EA7 /* Pokemon.swift */; };
		993F5C402304663A00D63EA7 /* PokemonClient.swift in Sources */ = {isa = PBXBuildFile; fileRef = 993F5C3F2304663A00D63EA7 /* PokemonClient.swift */; };
		993F5C4223046E6000D63EA7 /* PokemonController.swift in Sources */ = {isa = PBXBuildFile; fileRef = 993F5C4123046E6000D63EA7 /* PokemonController.swift */; };
		993F5C442304871600D63EA7 /* Extensions.swift in Sources */ = {isa = PBXBuildFile; fileRef = 993F5C432304871600D63EA7 /* Extensions.swift */; };
/* End PBXBuildFile section */

/* Begin PBXFileReference section */
		993F5C242304620C00D63EA7 /* PokeDex.app */ = {isa = PBXFileReference; explicitFileType = wrapper.application; includeInIndex = 0; path = PokeDex.app; sourceTree = BUILT_PRODUCTS_DIR; };
		993F5C272304620C00D63EA7 /* AppDelegate.swift */ = {isa = PBXFileReference; lastKnownFileType = sourcecode.swift; path = AppDelegate.swift; sourceTree = "<group>"; };
		993F5C292304620C00D63EA7 /* PokemonViewController.swift */ = {isa = PBXFileReference; lastKnownFileType = sourcecode.swift; path = PokemonViewController.swift; sourceTree = "<group>"; };
		993F5C2C2304620C00D63EA7 /* Base */ = {isa = PBXFileReference; lastKnownFileType = file.storyboard; name = Base; path = Base.lproj/Main.storyboard; sourceTree = "<group>"; };
		993F5C2E2304620E00D63EA7 /* Assets.xcassets */ = {isa = PBXFileReference; lastKnownFileType = folder.assetcatalog; path = Assets.xcassets; sourceTree = "<group>"; };
		993F5C312304620E00D63EA7 /* Base */ = {isa = PBXFileReference; lastKnownFileType = file.storyboard; name = Base; path = Base.lproj/LaunchScreen.storyboard; sourceTree = "<group>"; };
		993F5C332304620E00D63EA7 /* Info.plist */ = {isa = PBXFileReference; lastKnownFileType = text.plist.xml; path = Info.plist; sourceTree = "<group>"; };
		993F5C3D230465DA00D63EA7 /* Pokemon.swift */ = {isa = PBXFileReference; lastKnownFileType = sourcecode.swift; path = Pokemon.swift; sourceTree = "<group>"; };
		993F5C3F2304663A00D63EA7 /* PokemonClient.swift */ = {isa = PBXFileReference; lastKnownFileType = sourcecode.swift; path = PokemonClient.swift; sourceTree = "<group>"; };
		993F5C4123046E6000D63EA7 /* PokemonController.swift */ = {isa = PBXFileReference; lastKnownFileType = sourcecode.swift; path = PokemonController.swift; sourceTree = "<group>"; };
		993F5C432304871600D63EA7 /* Extensions.swift */ = {isa = PBXFileReference; lastKnownFileType = sourcecode.swift; path = Extensions.swift; sourceTree = "<group>"; };
/* End PBXFileReference section */

/* Begin PBXFrameworksBuildPhase section */
		993F5C212304620C00D63EA7 /* Frameworks */ = {
			isa = PBXFrameworksBuildPhase;
			buildActionMask = 2147483647;
			files = (
			);
			runOnlyForDeploymentPostprocessing = 0;
		};
/* End PBXFrameworksBuildPhase section */

/* Begin PBXGroup section */
		993F5C1B2304620C00D63EA7 = {
			isa = PBXGroup;
			children = (
				993F5C262304620C00D63EA7 /* PokeDex */,
				993F5C252304620C00D63EA7 /* Products */,
			);
			sourceTree = "<group>";
		};
		993F5C252304620C00D63EA7 /* Products */ = {
			isa = PBXGroup;
			children = (
				993F5C242304620C00D63EA7 /* PokeDex.app */,
			);
			name = Products;
			sourceTree = "<group>";
		};
		993F5C262304620C00D63EA7 /* PokeDex */ = {
			isa = PBXGroup;
			children = (
				993F5C3C2304625E00D63EA7 /* View Controller */,
				993F5C3B2304625600D63EA7 /* Model Controllers */,
				993F5C3A2304625100D63EA7 /* Model */,
				993F5C392304624B00D63EA7 /* Resources */,
				993F5C2B2304620C00D63EA7 /* Main.storyboard */,
			);
			path = PokeDex;
			sourceTree = "<group>";
		};
		993F5C392304624B00D63EA7 /* Resources */ = {
			isa = PBXGroup;
			children = (
				993F5C272304620C00D63EA7 /* AppDelegate.swift */,
				993F5C2E2304620E00D63EA7 /* Assets.xcassets */,
				993F5C302304620E00D63EA7 /* LaunchScreen.storyboard */,
				993F5C332304620E00D63EA7 /* Info.plist */,
			);
			path = Resources;
			sourceTree = "<group>";
		};
		993F5C3A2304625100D63EA7 /* Model */ = {
			isa = PBXGroup;
			children = (
				993F5C3D230465DA00D63EA7 /* Pokemon.swift */,
				993F5C3F2304663A00D63EA7 /* PokemonClient.swift */,
				993F5C432304871600D63EA7 /* Extensions.swift */,
			);
			path = Model;
			sourceTree = "<group>";
		};
		993F5C3B2304625600D63EA7 /* Model Controllers */ = {
			isa = PBXGroup;
			children = (
				993F5C4123046E6000D63EA7 /* PokemonController.swift */,
			);
			path = "Model Controllers";
			sourceTree = "<group>";
		};
		993F5C3C2304625E00D63EA7 /* View Controller */ = {
			isa = PBXGroup;
			children = (
				993F5C292304620C00D63EA7 /* PokemonViewController.swift */,
			);
			path = "View Controller";
			sourceTree = "<group>";
		};
/* End PBXGroup section */

/* Begin PBXNativeTarget section */
		993F5C232304620C00D63EA7 /* PokeDex */ = {
			isa = PBXNativeTarget;
			buildConfigurationList = 993F5C362304620E00D63EA7 /* Build configuration list for PBXNativeTarget "PokeDex" */;
			buildPhases = (
				993F5C202304620C00D63EA7 /* Sources */,
				993F5C212304620C00D63EA7 /* Frameworks */,
				993F5C222304620C00D63EA7 /* Resources */,
			);
			buildRules = (
			);
			dependencies = (
			);
			name = PokeDex;
			productName = PokeDex;
			productReference = 993F5C242304620C00D63EA7 /* PokeDex.app */;
			productType = "com.apple.product-type.application";
		};
/* End PBXNativeTarget section */

/* Begin PBXProject section */
		993F5C1C2304620C00D63EA7 /* Project object */ = {
			isa = PBXProject;
			attributes = {
				LastSwiftUpdateCheck = 1030;
				LastUpgradeCheck = 1030;
				ORGANIZATIONNAME = "Mitch Merrell";
				TargetAttributes = {
					993F5C232304620C00D63EA7 = {
						CreatedOnToolsVersion = 10.3;
					};
				};
			};
			buildConfigurationList = 993F5C1F2304620C00D63EA7 /* Build configuration list for PBXProject "PokeDex" */;
			compatibilityVersion = "Xcode 9.3";
			developmentRegion = en;
			hasScannedForEncodings = 0;
			knownRegions = (
				en,
				Base,
			);
			mainGroup = 993F5C1B2304620C00D63EA7;
			productRefGroup = 993F5C252304620C00D63EA7 /* Products */;
			projectDirPath = "";
			projectRoot = "";
			targets = (
				993F5C232304620C00D63EA7 /* PokeDex */,
			);
		};
/* End PBXProject section */

/* Begin PBXResourcesBuildPhase section */
		993F5C222304620C00D63EA7 /* Resources */ = {
			isa = PBXResourcesBuildPhase;
			buildActionMask = 2147483647;
			files = (
				993F5C322304620E00D63EA7 /* LaunchScreen.storyboard in Resources */,
				993F5C2F2304620E00D63EA7 /* Assets.xcassets in Resources */,
				993F5C2D2304620C00D63EA7 /* Main.storyboard in Resources */,
			);
			runOnlyForDeploymentPostprocessing = 0;
		};
/* End PBXResourcesBuildPhase section */

/* Begin PBXSourcesBuildPhase section */
		993F5C202304620C00D63EA7 /* Sources */ = {
			isa = PBXSourcesBuildPhase;
			buildActionMask = 2147483647;
			files = (
				993F5C2A2304620C00D63EA7 /* PokemonViewController.swift in Sources */,
				993F5C442304871600D63EA7 /* Extensions.swift in Sources */,
				993F5C282304620C00D63EA7 /* AppDelegate.swift in Sources */,
				993F5C402304663A00D63EA7 /* PokemonClient.swift in Sources */,
				993F5C3E230465DA00D63EA7 /* Pokemon.swift in Sources */,
				993F5C4223046E6000D63EA7 /* PokemonController.swift in Sources */,
			);
			runOnlyForDeploymentPostprocessing = 0;
		};
/* End PBXSourcesBuildPhase section */

/* Begin PBXVariantGroup section */
		993F5C2B2304620C00D63EA7 /* Main.storyboard */ = {
			isa = PBXVariantGroup;
			children = (
				993F5C2C2304620C00D63EA7 /* Base */,
			);
			name = Main.storyboard;
			sourceTree = "<group>";
		};
		993F5C302304620E00D63EA7 /* LaunchScreen.storyboard */ = {
			isa = PBXVariantGroup;
			children = (
				993F5C312304620E00D63EA7 /* Base */,
			);
			name = LaunchScreen.storyboard;
			sourceTree = "<group>";
		};
/* End PBXVariantGroup section */

/* Begin XCBuildConfiguration section */
		993F5C342304620E00D63EA7 /* Debug */ = {
			isa = XCBuildConfiguration;
			buildSettings = {
				ALWAYS_SEARCH_USER_PATHS = NO;
				CLANG_ANALYZER_NONNULL = YES;
				CLANG_ANALYZER_NUMBER_OBJECT_CONVERSION = YES_AGGRESSIVE;
				CLANG_CXX_LANGUAGE_STANDARD = "gnu++14";
				CLANG_CXX_LIBRARY = "libc++";
				CLANG_ENABLE_MODULES = YES;
				CLANG_ENABLE_OBJC_ARC = YES;
				CLANG_ENABLE_OBJC_WEAK = YES;
				CLANG_WARN_BLOCK_CAPTURE_AUTORELEASING = YES;
				CLANG_WARN_BOOL_CONVERSION = YES;
				CLANG_WARN_COMMA = YES;
				CLANG_WARN_CONSTANT_CONVERSION = YES;
				CLANG_WARN_DEPRECATED_OBJC_IMPLEMENTATIONS = YES;
				CLANG_WARN_DIRECT_OBJC_ISA_USAGE = YES_ERROR;
				CLANG_WARN_DOCUMENTATION_COMMENTS = YES;
				CLANG_WARN_EMPTY_BODY = YES;
				CLANG_WARN_ENUM_CONVERSION = YES;
				CLANG_WARN_INFINITE_RECURSION = YES;
				CLANG_WARN_INT_CONVERSION = YES;
				CLANG_WARN_NON_LITERAL_NULL_CONVERSION = YES;
				CLANG_WARN_OBJC_IMPLICIT_RETAIN_SELF = YES;
				CLANG_WARN_OBJC_LITERAL_CONVERSION = YES;
				CLANG_WARN_OBJC_ROOT_CLASS = YES_ERROR;
				CLANG_WARN_RANGE_LOOP_ANALYSIS = YES;
				CLANG_WARN_STRICT_PROTOTYPES = YES;
				CLANG_WARN_SUSPICIOUS_MOVE = YES;
				CLANG_WARN_UNGUARDED_AVAILABILITY = YES_AGGRESSIVE;
				CLANG_WARN_UNREACHABLE_CODE = YES;
				CLANG_WARN__DUPLICATE_METHOD_MATCH = YES;
				CODE_SIGN_IDENTITY = "iPhone Developer";
				COPY_PHASE_STRIP = NO;
				DEBUG_INFORMATION_FORMAT = dwarf;
				ENABLE_STRICT_OBJC_MSGSEND = YES;
				ENABLE_TESTABILITY = YES;
				GCC_C_LANGUAGE_STANDARD = gnu11;
				GCC_DYNAMIC_NO_PIC = NO;
				GCC_NO_COMMON_BLOCKS = YES;
				GCC_OPTIMIZATION_LEVEL = 0;
				GCC_PREPROCESSOR_DEFINITIONS = (
					"DEBUG=1",
					"$(inherited)",
				);
				GCC_WARN_64_TO_32_BIT_CONVERSION = YES;
				GCC_WARN_ABOUT_RETURN_TYPE = YES_ERROR;
				GCC_WARN_UNDECLARED_SELECTOR = YES;
				GCC_WARN_UNINITIALIZED_AUTOS = YES_AGGRESSIVE;
				GCC_WARN_UNUSED_FUNCTION = YES;
				GCC_WARN_UNUSED_VARIABLE = YES;
				IPHONEOS_DEPLOYMENT_TARGET = 12.4;
				MTL_ENABLE_DEBUG_INFO = INCLUDE_SOURCE;
				MTL_FAST_MATH = YES;
				ONLY_ACTIVE_ARCH = YES;
				SDKROOT = iphoneos;
				SWIFT_ACTIVE_COMPILATION_CONDITIONS = DEBUG;
				SWIFT_OPTIMIZATION_LEVEL = "-Onone";
			};
			name = Debug;
		};
		993F5C352304620E00D63EA7 /* Release */ = {
			isa = XCBuildConfiguration;
			buildSettings = {
				ALWAYS_SEARCH_USER_PATHS = NO;
				CLANG_ANALYZER_NONNULL = YES;
				CLANG_ANALYZER_NUMBER_OBJECT_CONVERSION = YES_AGGRESSIVE;
				CLANG_CXX_LANGUAGE_STANDARD = "gnu++14";
				CLANG_CXX_LIBRARY = "libc++";
				CLANG_ENABLE_MODULES = YES;
				CLANG_ENABLE_OBJC_ARC = YES;
				CLANG_ENABLE_OBJC_WEAK = YES;
				CLANG_WARN_BLOCK_CAPTURE_AUTORELEASING = YES;
				CLANG_WARN_BOOL_CONVERSION = YES;
				CLANG_WARN_COMMA = YES;
				CLANG_WARN_CONSTANT_CONVERSION = YES;
				CLANG_WARN_DEPRECATED_OBJC_IMPLEMENTATIONS = YES;
				CLANG_WARN_DIRECT_OBJC_ISA_USAGE = YES_ERROR;
				CLANG_WARN_DOCUMENTATION_COMMENTS = YES;
				CLANG_WARN_EMPTY_BODY = YES;
				CLANG_WARN_ENUM_CONVERSION = YES;
				CLANG_WARN_INFINITE_RECURSION = YES;
				CLANG_WARN_INT_CONVERSION = YES;
				CLANG_WARN_NON_LITERAL_NULL_CONVERSION = YES;
				CLANG_WARN_OBJC_IMPLICIT_RETAIN_SELF = YES;
				CLANG_WARN_OBJC_LITERAL_CONVERSION = YES;
				CLANG_WARN_OBJC_ROOT_CLASS = YES_ERROR;
				CLANG_WARN_RANGE_LOOP_ANALYSIS = YES;
				CLANG_WARN_STRICT_PROTOTYPES = YES;
				CLANG_WARN_SUSPICIOUS_MOVE = YES;
				CLANG_WARN_UNGUARDED_AVAILABILITY = YES_AGGRESSIVE;
				CLANG_WARN_UNREACHABLE_CODE = YES;
				CLANG_WARN__DUPLICATE_METHOD_MATCH = YES;
				CODE_SIGN_IDENTITY = "iPhone Developer";
				COPY_PHASE_STRIP = NO;
				DEBUG_INFORMATION_FORMAT = "dwarf-with-dsym";
				ENABLE_NS_ASSERTIONS = NO;
				ENABLE_STRICT_OBJC_MSGSEND = YES;
				GCC_C_LANGUAGE_STANDARD = gnu11;
				GCC_NO_COMMON_BLOCKS = YES;
				GCC_WARN_64_TO_32_BIT_CONVERSION = YES;
				GCC_WARN_ABOUT_RETURN_TYPE = YES_ERROR;
				GCC_WARN_UNDECLARED_SELECTOR = YES;
				GCC_WARN_UNINITIALIZED_AUTOS = YES_AGGRESSIVE;
				GCC_WARN_UNUSED_FUNCTION = YES;
				GCC_WARN_UNUSED_VARIABLE = YES;
				IPHONEOS_DEPLOYMENT_TARGET = 12.4;
				MTL_ENABLE_DEBUG_INFO = NO;
				MTL_FAST_MATH = YES;
				SDKROOT = iphoneos;
				SWIFT_COMPILATION_MODE = wholemodule;
				SWIFT_OPTIMIZATION_LEVEL = "-O";
				VALIDATE_PRODUCT = YES;
			};
			name = Release;
		};
		993F5C372304620E00D63EA7 /* Debug */ = {
			isa = XCBuildConfiguration;
			buildSettings = {
				ASSETCATALOG_COMPILER_APPICON_NAME = AppIcon;
				CODE_SIGN_STYLE = Automatic;
				INFOPLIST_FILE = "$(SRCROOT)/PokeDex/Resources/Info.plist";
				LD_RUNPATH_SEARCH_PATHS = (
					"$(inherited)",
					"@executable_path/Frameworks",
				);
				PRODUCT_BUNDLE_IDENTIFIER = com.mitchmerrell.PokeDex;
				PRODUCT_NAME = "$(TARGET_NAME)";
				SWIFT_VERSION = 5.0;
				TARGETED_DEVICE_FAMILY = "1,2";
			};
			name = Debug;
		};
		993F5C382304620E00D63EA7 /* Release */ = {
			isa = XCBuildConfiguration;
			buildSettings = {
				ASSETCATALOG_COMPILER_APPICON_NAME = AppIcon;
				CODE_SIGN_STYLE = Automatic;
				INFOPLIST_FILE = "$(SRCROOT)/PokeDex/Resources/Info.plist";
				LD_RUNPATH_SEARCH_PATHS = (
					"$(inherited)",
					"@executable_path/Frameworks",
				);
				PRODUCT_BUNDLE_IDENTIFIER = com.mitchmerrell.PokeDex;
				PRODUCT_NAME = "$(TARGET_NAME)";
				SWIFT_VERSION = 5.0;
				TARGETED_DEVICE_FAMILY = "1,2";
			};
			name = Release;
		};
/* End XCBuildConfiguration section */

/* Begin XCConfigurationList section */
		993F5C1F2304620C00D63EA7 /* Build configuration list for PBXProject "PokeDex" */ = {
			isa = XCConfigurationList;
			buildConfigurations = (
				993F5C342304620E00D63EA7 /* Debug */,
				993F5C352304620E00D63EA7 /* Release */,
			);
			defaultConfigurationIsVisible = 0;
			defaultConfigurationName = Release;
		};
		993F5C362304620E00D63EA7 /* Build configuration list for PBXNativeTarget "PokeDex" */ = {
			isa = XCConfigurationList;
			buildConfigurations = (
				993F5C372304620E00D63EA7 /* Debug */,
				993F5C382304620E00D63EA7 /* Release */,
			);
			defaultConfigurationIsVisible = 0;
			defaultConfigurationName = Release;
		};
/* End XCConfigurationList section */
	};
	rootObject = 993F5C1C2304620C00D63EA7 /* Project object */;
}
